// !$*UTF8*$!
{
	archiveVersion = 1;
	classes = {
	};
	objectVersion = 55;
	objects = {

/* Begin PBXBuildFile section */
		180DE7DB27BF2DD300B97D0F /* CatDetailView.swift in Sources */ = {isa = PBXBuildFile; fileRef = 180DE7DA27BF2DD300B97D0F /* CatDetailView.swift */; };
		18AC4AD827BF0FB00066C54D /* KittyListApp.swift in Sources */ = {isa = PBXBuildFile; fileRef = 18AC4AD727BF0FB00066C54D /* KittyListApp.swift */; };
		18AC4ADA27BF0FB00066C54D /* ContentView.swift in Sources */ = {isa = PBXBuildFile; fileRef = 18AC4AD927BF0FB00066C54D /* ContentView.swift */; };
		18AC4ADC27BF0FB10066C54D /* Assets.xcassets in Resources */ = {isa = PBXBuildFile; fileRef = 18AC4ADB27BF0FB10066C54D /* Assets.xcassets */; };
		18AC4ADF27BF0FB10066C54D /* Preview Assets.xcassets in Resources */ = {isa = PBXBuildFile; fileRef = 18AC4ADE27BF0FB10066C54D /* Preview Assets.xcassets */; };
		18AC4AE927BF0FB20066C54D /* KittyListTests.swift in Sources */ = {isa = PBXBuildFile; fileRef = 18AC4AE827BF0FB20066C54D /* KittyListTests.swift */; };
		18AC4AF327BF0FB20066C54D /* KittyListUITests.swift in Sources */ = {isa = PBXBuildFile; fileRef = 18AC4AF227BF0FB20066C54D /* KittyListUITests.swift */; };
		18AC4AF527BF0FB20066C54D /* KittyListUITestsLaunchTests.swift in Sources */ = {isa = PBXBuildFile; fileRef = 18AC4AF427BF0FB20066C54D /* KittyListUITestsLaunchTests.swift */; };
		18AC4B0627BF0FED0066C54D /* CatsListView.swift in Sources */ = {isa = PBXBuildFile; fileRef = 18AC4B0527BF0FED0066C54D /* CatsListView.swift */; };
		18AC4B0A27BF13160066C54D /* CatListViewModel.swift in Sources */ = {isa = PBXBuildFile; fileRef = 18AC4B0927BF13160066C54D /* CatListViewModel.swift */; };
		18AC4B0D27BF13870066C54D /* Kingfisher in Frameworks */ = {isa = PBXBuildFile; productRef = 18AC4B0C27BF13870066C54D /* Kingfisher */; };
		18AC4B1227BF18E70066C54D /* CatService.swift in Sources */ = {isa = PBXBuildFile; fileRef = 18AC4B1127BF18E70066C54D /* CatService.swift */; };
		18AC4B1427BF193E0066C54D /* Cat.swift in Sources */ = {isa = PBXBuildFile; fileRef = 18AC4B1327BF193E0066C54D /* Cat.swift */; };
		18AC4B1727BF1A8D0066C54D /* CatAPIPackage in Frameworks */ = {isa = PBXBuildFile; productRef = 18AC4B1627BF1A8D0066C54D /* CatAPIPackage */; };
		18AC4B1927BF1CC60066C54D /* LoadingView.swift in Sources */ = {isa = PBXBuildFile; fileRef = 18AC4B1827BF1CC60066C54D /* LoadingView.swift */; };
		18AC4B1B27BF1D120066C54D /* HomeView.swift in Sources */ = {isa = PBXBuildFile; fileRef = 18AC4B1A27BF1D120066C54D /* HomeView.swift */; };
/* End PBXBuildFile section */

/* Begin PBXContainerItemProxy section */
		18AC4AE527BF0FB20066C54D /* PBXContainerItemProxy */ = {
			isa = PBXContainerItemProxy;
			containerPortal = 18AC4ACC27BF0FB00066C54D /* Project object */;
			proxyType = 1;
			remoteGlobalIDString = 18AC4AD327BF0FB00066C54D;
			remoteInfo = KittyList;
		};
		18AC4AEF27BF0FB20066C54D /* PBXContainerItemProxy */ = {
			isa = PBXContainerItemProxy;
			containerPortal = 18AC4ACC27BF0FB00066C54D /* Project object */;
			proxyType = 1;
			remoteGlobalIDString = 18AC4AD327BF0FB00066C54D;
			remoteInfo = KittyList;
		};
/* End PBXContainerItemProxy section */

/* Begin PBXFileReference section */
		180DE7DA27BF2DD300B97D0F /* CatDetailView.swift */ = {isa = PBXFileReference; lastKnownFileType = sourcecode.swift; path = CatDetailView.swift; sourceTree = "<group>"; };
		18AC4AD427BF0FB00066C54D /* KittyList.app */ = {isa = PBXFileReference; explicitFileType = wrapper.application; includeInIndex = 0; path = KittyList.app; sourceTree = BUILT_PRODUCTS_DIR; };
		18AC4AD727BF0FB00066C54D /* KittyListApp.swift */ = {isa = PBXFileReference; lastKnownFileType = sourcecode.swift; path = KittyListApp.swift; sourceTree = "<group>"; };
		18AC4AD927BF0FB00066C54D /* ContentView.swift */ = {isa = PBXFileReference; lastKnownFileType = sourcecode.swift; path = ContentView.swift; sourceTree = "<group>"; };
		18AC4ADB27BF0FB10066C54D /* Assets.xcassets */ = {isa = PBXFileReference; lastKnownFileType = folder.assetcatalog; path = Assets.xcassets; sourceTree = "<group>"; };
		18AC4ADE27BF0FB10066C54D /* Preview Assets.xcassets */ = {isa = PBXFileReference; lastKnownFileType = folder.assetcatalog; path = "Preview Assets.xcassets"; sourceTree = "<group>"; };
		18AC4AE427BF0FB20066C54D /* KittyListTests.xctest */ = {isa = PBXFileReference; explicitFileType = wrapper.cfbundle; includeInIndex = 0; path = KittyListTests.xctest; sourceTree = BUILT_PRODUCTS_DIR; };
		18AC4AE827BF0FB20066C54D /* KittyListTests.swift */ = {isa = PBXFileReference; lastKnownFileType = sourcecode.swift; path = KittyListTests.swift; sourceTree = "<group>"; };
		18AC4AEE27BF0FB20066C54D /* KittyListUITests.xctest */ = {isa = PBXFileReference; explicitFileType = wrapper.cfbundle; includeInIndex = 0; path = KittyListUITests.xctest; sourceTree = BUILT_PRODUCTS_DIR; };
		18AC4AF227BF0FB20066C54D /* KittyListUITests.swift */ = {isa = PBXFileReference; lastKnownFileType = sourcecode.swift; path = KittyListUITests.swift; sourceTree = "<group>"; };
		18AC4AF427BF0FB20066C54D /* KittyListUITestsLaunchTests.swift */ = {isa = PBXFileReference; lastKnownFileType = sourcecode.swift; path = KittyListUITestsLaunchTests.swift; sourceTree = "<group>"; };
		18AC4B0527BF0FED0066C54D /* CatsListView.swift */ = {isa = PBXFileReference; lastKnownFileType = sourcecode.swift; path = CatsListView.swift; sourceTree = "<group>"; };
		18AC4B0927BF13160066C54D /* CatListViewModel.swift */ = {isa = PBXFileReference; lastKnownFileType = sourcecode.swift; path = CatListViewModel.swift; sourceTree = "<group>"; };
		18AC4B0F27BF18A70066C54D /* CatAPIPackage */ = {isa = PBXFileReference; lastKnownFileType = wrapper; name = CatAPIPackage; path = Packages/CatAPIPackage; sourceTree = "<group>"; };
		18AC4B1127BF18E70066C54D /* CatService.swift */ = {isa = PBXFileReference; lastKnownFileType = sourcecode.swift; path = CatService.swift; sourceTree = "<group>"; };
		18AC4B1327BF193E0066C54D /* Cat.swift */ = {isa = PBXFileReference; lastKnownFileType = sourcecode.swift; path = Cat.swift; sourceTree = "<group>"; };
		18AC4B1827BF1CC60066C54D /* LoadingView.swift */ = {isa = PBXFileReference; lastKnownFileType = sourcecode.swift; path = LoadingView.swift; sourceTree = "<group>"; };
		18AC4B1A27BF1D120066C54D /* HomeView.swift */ = {isa = PBXFileReference; lastKnownFileType = sourcecode.swift; path = HomeView.swift; sourceTree = "<group>"; };
/* End PBXFileReference section */

/* Begin PBXFrameworksBuildPhase section */
		18AC4AD127BF0FB00066C54D /* Frameworks */ = {
			isa = PBXFrameworksBuildPhase;
			buildActionMask = 2147483647;
			files = (
				18AC4B0D27BF13870066C54D /* Kingfisher in Frameworks */,
				18AC4B1727BF1A8D0066C54D /* CatAPIPackage in Frameworks */,
			);
			runOnlyForDeploymentPostprocessing = 0;
		};
		18AC4AE127BF0FB20066C54D /* Frameworks */ = {
			isa = PBXFrameworksBuildPhase;
			buildActionMask = 2147483647;
			files = (
			);
			runOnlyForDeploymentPostprocessing = 0;
		};
		18AC4AEB27BF0FB20066C54D /* Frameworks */ = {
			isa = PBXFrameworksBuildPhase;
			buildActionMask = 2147483647;
			files = (
			);
			runOnlyForDeploymentPostprocessing = 0;
		};
/* End PBXFrameworksBuildPhase section */

/* Begin PBXGroup section */
		18AC4ACB27BF0FB00066C54D = {
			isa = PBXGroup;
			children = (
				18AC4B0E27BF18A70066C54D /* Packages */,
				18AC4AD627BF0FB00066C54D /* KittyList */,
				18AC4AE727BF0FB20066C54D /* KittyListTests */,
				18AC4AF127BF0FB20066C54D /* KittyListUITests */,
				18AC4AD527BF0FB00066C54D /* Products */,
				18AC4B1527BF1A8D0066C54D /* Frameworks */,
			);
			sourceTree = "<group>";
		};
		18AC4AD527BF0FB00066C54D /* Products */ = {
			isa = PBXGroup;
			children = (
				18AC4AD427BF0FB00066C54D /* KittyList.app */,
				18AC4AE427BF0FB20066C54D /* KittyListTests.xctest */,
				18AC4AEE27BF0FB20066C54D /* KittyListUITests.xctest */,
			);
			name = Products;
			sourceTree = "<group>";
		};
		18AC4AD627BF0FB00066C54D /* KittyList */ = {
			isa = PBXGroup;
			children = (
				18AC4B1027BF18D70066C54D /* Services */,
				18AC4B0327BF0FD40066C54D /* ViewModels */,
				18AC4B0227BF0FCA0066C54D /* Models */,
				18AC4B0127BF0FC50066C54D /* Views */,
				18AC4AD727BF0FB00066C54D /* KittyListApp.swift */,
				18AC4AD927BF0FB00066C54D /* ContentView.swift */,
				18AC4ADB27BF0FB10066C54D /* Assets.xcassets */,
				18AC4ADD27BF0FB10066C54D /* Preview Content */,
			);
			path = KittyList;
			sourceTree = "<group>";
		};
		18AC4ADD27BF0FB10066C54D /* Preview Content */ = {
			isa = PBXGroup;
			children = (
				18AC4ADE27BF0FB10066C54D /* Preview Assets.xcassets */,
			);
			path = "Preview Content";
			sourceTree = "<group>";
		};
		18AC4AE727BF0FB20066C54D /* KittyListTests */ = {
			isa = PBXGroup;
			children = (
				18AC4AE827BF0FB20066C54D /* KittyListTests.swift */,
			);
			path = KittyListTests;
			sourceTree = "<group>";
		};
		18AC4AF127BF0FB20066C54D /* KittyListUITests */ = {
			isa = PBXGroup;
			children = (
				18AC4AF227BF0FB20066C54D /* KittyListUITests.swift */,
				18AC4AF427BF0FB20066C54D /* KittyListUITestsLaunchTests.swift */,
			);
			path = KittyListUITests;
			sourceTree = "<group>";
		};
		18AC4B0127BF0FC50066C54D /* Views */ = {
			isa = PBXGroup;
			children = (
				18AC4B0527BF0FED0066C54D /* CatsListView.swift */,
				18AC4B1827BF1CC60066C54D /* LoadingView.swift */,
				18AC4B1A27BF1D120066C54D /* HomeView.swift */,
				180DE7DA27BF2DD300B97D0F /* CatDetailView.swift */,
			);
			path = Views;
			sourceTree = "<group>";
		};
		18AC4B0227BF0FCA0066C54D /* Models */ = {
			isa = PBXGroup;
			children = (
				18AC4B1327BF193E0066C54D /* Cat.swift */,
			);
			path = Models;
			sourceTree = "<group>";
		};
		18AC4B0327BF0FD40066C54D /* ViewModels */ = {
			isa = PBXGroup;
			children = (
				18AC4B0927BF13160066C54D /* CatListViewModel.swift */,
			);
			path = ViewModels;
			sourceTree = "<group>";
		};
		18AC4B0E27BF18A70066C54D /* Packages */ = {
			isa = PBXGroup;
			children = (
				18AC4B0F27BF18A70066C54D /* CatAPIPackage */,
			);
			name = Packages;
			sourceTree = "<group>";
		};
		18AC4B1027BF18D70066C54D /* Services */ = {
			isa = PBXGroup;
			children = (
				18AC4B1127BF18E70066C54D /* CatService.swift */,
			);
			path = Services;
			sourceTree = "<group>";
		};
		18AC4B1527BF1A8D0066C54D /* Frameworks */ = {
			isa = PBXGroup;
			children = (
			);
			name = Frameworks;
			sourceTree = "<group>";
		};
/* End PBXGroup section */

/* Begin PBXNativeTarget section */
		18AC4AD327BF0FB00066C54D /* KittyList */ = {
			isa = PBXNativeTarget;
			buildConfigurationList = 18AC4AF827BF0FB20066C54D /* Build configuration list for PBXNativeTarget "KittyList" */;
			buildPhases = (
				18AC4AD027BF0FB00066C54D /* Sources */,
				18AC4AD127BF0FB00066C54D /* Frameworks */,
				18AC4AD227BF0FB00066C54D /* Resources */,
			);
			buildRules = (
			);
			dependencies = (
			);
			name = KittyList;
			packageProductDependencies = (
				18AC4B0C27BF13870066C54D /* Kingfisher */,
				18AC4B1627BF1A8D0066C54D /* CatAPIPackage */,
			);
			productName = KittyList;
			productReference = 18AC4AD427BF0FB00066C54D /* KittyList.app */;
			productType = "com.apple.product-type.application";
		};
		18AC4AE327BF0FB20066C54D /* KittyListTests */ = {
			isa = PBXNativeTarget;
			buildConfigurationList = 18AC4AFB27BF0FB20066C54D /* Build configuration list for PBXNativeTarget "KittyListTests" */;
			buildPhases = (
				18AC4AE027BF0FB20066C54D /* Sources */,
				18AC4AE127BF0FB20066C54D /* Frameworks */,
				18AC4AE227BF0FB20066C54D /* Resources */,
			);
			buildRules = (
			);
			dependencies = (
				18AC4AE627BF0FB20066C54D /* PBXTargetDependency */,
			);
			name = KittyListTests;
			productName = KittyListTests;
			productReference = 18AC4AE427BF0FB20066C54D /* KittyListTests.xctest */;
			productType = "com.apple.product-type.bundle.unit-test";
		};
		18AC4AED27BF0FB20066C54D /* KittyListUITests */ = {
			isa = PBXNativeTarget;
			buildConfigurationList = 18AC4AFE27BF0FB20066C54D /* Build configuration list for PBXNativeTarget "KittyListUITests" */;
			buildPhases = (
				18AC4AEA27BF0FB20066C54D /* Sources */,
				18AC4AEB27BF0FB20066C54D /* Frameworks */,
				18AC4AEC27BF0FB20066C54D /* Resources */,
			);
			buildRules = (
			);
			dependencies = (
				18AC4AF027BF0FB20066C54D /* PBXTargetDependency */,
			);
			name = KittyListUITests;
			productName = KittyListUITests;
			productReference = 18AC4AEE27BF0FB20066C54D /* KittyListUITests.xctest */;
			productType = "com.apple.product-type.bundle.ui-testing";
		};
/* End PBXNativeTarget section */

/* Begin PBXProject section */
		18AC4ACC27BF0FB00066C54D /* Project object */ = {
			isa = PBXProject;
			attributes = {
				BuildIndependentTargetsInParallel = 1;
				LastSwiftUpdateCheck = 1320;
				LastUpgradeCheck = 1320;
				TargetAttributes = {
					18AC4AD327BF0FB00066C54D = {
						CreatedOnToolsVersion = 13.2.1;
					};
					18AC4AE327BF0FB20066C54D = {
						CreatedOnToolsVersion = 13.2.1;
						TestTargetID = 18AC4AD327BF0FB00066C54D;
					};
					18AC4AED27BF0FB20066C54D = {
						CreatedOnToolsVersion = 13.2.1;
						TestTargetID = 18AC4AD327BF0FB00066C54D;
					};
				};
			};
			buildConfigurationList = 18AC4ACF27BF0FB00066C54D /* Build configuration list for PBXProject "KittyList" */;
			compatibilityVersion = "Xcode 13.0";
			developmentRegion = en;
			hasScannedForEncodings = 0;
			knownRegions = (
				en,
				Base,
			);
			mainGroup = 18AC4ACB27BF0FB00066C54D;
			packageReferences = (
				18AC4B0B27BF13870066C54D /* XCRemoteSwiftPackageReference "Kingfisher" */,
			);
			productRefGroup = 18AC4AD527BF0FB00066C54D /* Products */;
			projectDirPath = "";
			projectRoot = "";
			targets = (
				18AC4AD327BF0FB00066C54D /* KittyList */,
				18AC4AE327BF0FB20066C54D /* KittyListTests */,
				18AC4AED27BF0FB20066C54D /* KittyListUITests */,
			);
		};
/* End PBXProject section */

/* Begin PBXResourcesBuildPhase section */
		18AC4AD227BF0FB00066C54D /* Resources */ = {
			isa = PBXResourcesBuildPhase;
			buildActionMask = 2147483647;
			files = (
				18AC4ADF27BF0FB10066C54D /* Preview Assets.xcassets in Resources */,
				18AC4ADC27BF0FB10066C54D /* Assets.xcassets in Resources */,
			);
			runOnlyForDeploymentPostprocessing = 0;
		};
		18AC4AE227BF0FB20066C54D /* Resources */ = {
			isa = PBXResourcesBuildPhase;
			buildActionMask = 2147483647;
			files = (
			);
			runOnlyForDeploymentPostprocessing = 0;
		};
		18AC4AEC27BF0FB20066C54D /* Resources */ = {
			isa = PBXResourcesBuildPhase;
			buildActionMask = 2147483647;
			files = (
			);
			runOnlyForDeploymentPostprocessing = 0;
		};
/* End PBXResourcesBuildPhase section */

/* Begin PBXSourcesBuildPhase section */
		18AC4AD027BF0FB00066C54D /* Sources */ = {
			isa = PBXSourcesBuildPhase;
			buildActionMask = 2147483647;
			files = (
				18AC4ADA27BF0FB00066C54D /* ContentView.swift in Sources */,
				18AC4AD827BF0FB00066C54D /* KittyListApp.swift in Sources */,
				18AC4B1427BF193E0066C54D /* Cat.swift in Sources */,
				18AC4B0627BF0FED0066C54D /* CatsListView.swift in Sources */,
				180DE7DB27BF2DD300B97D0F /* CatDetailView.swift in Sources */,
				18AC4B0A27BF13160066C54D /* CatListViewModel.swift in Sources */,
				18AC4B1B27BF1D120066C54D /* HomeView.swift in Sources */,
				18AC4B1927BF1CC60066C54D /* LoadingView.swift in Sources */,
				18AC4B1227BF18E70066C54D /* CatService.swift in Sources */,
			);
			runOnlyForDeploymentPostprocessing = 0;
		};
		18AC4AE027BF0FB20066C54D /* Sources */ = {
			isa = PBXSourcesBuildPhase;
			buildActionMask = 2147483647;
			files = (
				18AC4AE927BF0FB20066C54D /* KittyListTests.swift in Sources */,
			);
			runOnlyForDeploymentPostprocessing = 0;
		};
		18AC4AEA27BF0FB20066C54D /* Sources */ = {
			isa = PBXSourcesBuildPhase;
			buildActionMask = 2147483647;
			files = (
				18AC4AF527BF0FB20066C54D /* KittyListUITestsLaunchTests.swift in Sources */,
				18AC4AF327BF0FB20066C54D /* KittyListUITests.swift in Sources */,
			);
			runOnlyForDeploymentPostprocessing = 0;
		};
/* End PBXSourcesBuildPhase section */

/* Begin PBXTargetDependency section */
		18AC4AE627BF0FB20066C54D /* PBXTargetDependency */ = {
			isa = PBXTargetDependency;
			target = 18AC4AD327BF0FB00066C54D /* KittyList */;
			targetProxy = 18AC4AE527BF0FB20066C54D /* PBXContainerItemProxy */;
		};
		18AC4AF027BF0FB20066C54D /* PBXTargetDependency */ = {
			isa = PBXTargetDependency;
			target = 18AC4AD327BF0FB00066C54D /* KittyList */;
			targetProxy = 18AC4AEF27BF0FB20066C54D /* PBXContainerItemProxy */;
		};
/* End PBXTargetDependency section */

/* Begin XCBuildConfiguration section */
		18AC4AF627BF0FB20066C54D /* Debug */ = {
			isa = XCBuildConfiguration;
			buildSettings = {
				ALWAYS_SEARCH_USER_PATHS = NO;
				CLANG_ANALYZER_NONNULL = YES;
				CLANG_ANALYZER_NUMBER_OBJECT_CONVERSION = YES_AGGRESSIVE;
				CLANG_CXX_LANGUAGE_STANDARD = "gnu++17";
				CLANG_CXX_LIBRARY = "libc++";
				CLANG_ENABLE_MODULES = YES;
				CLANG_ENABLE_OBJC_ARC = YES;
				CLANG_ENABLE_OBJC_WEAK = YES;
				CLANG_WARN_BLOCK_CAPTURE_AUTORELEASING = YES;
				CLANG_WARN_BOOL_CONVERSION = YES;
				CLANG_WARN_COMMA = YES;
				CLANG_WARN_CONSTANT_CONVERSION = YES;
				CLANG_WARN_DEPRECATED_OBJC_IMPLEMENTATIONS = YES;
				CLANG_WARN_DIRECT_OBJC_ISA_USAGE = YES_ERROR;
				CLANG_WARN_DOCUMENTATION_COMMENTS = YES;
				CLANG_WARN_EMPTY_BODY = YES;
				CLANG_WARN_ENUM_CONVERSION = YES;
				CLANG_WARN_INFINITE_RECURSION = YES;
				CLANG_WARN_INT_CONVERSION = YES;
				CLANG_WARN_NON_LITERAL_NULL_CONVERSION = YES;
				CLANG_WARN_OBJC_IMPLICIT_RETAIN_SELF = YES;
				CLANG_WARN_OBJC_LITERAL_CONVERSION = YES;
				CLANG_WARN_OBJC_ROOT_CLASS = YES_ERROR;
				CLANG_WARN_QUOTED_INCLUDE_IN_FRAMEWORK_HEADER = YES;
				CLANG_WARN_RANGE_LOOP_ANALYSIS = YES;
				CLANG_WARN_STRICT_PROTOTYPES = YES;
				CLANG_WARN_SUSPICIOUS_MOVE = YES;
				CLANG_WARN_UNGUARDED_AVAILABILITY = YES_AGGRESSIVE;
				CLANG_WARN_UNREACHABLE_CODE = YES;
				CLANG_WARN__DUPLICATE_METHOD_MATCH = YES;
				COPY_PHASE_STRIP = NO;
				DEBUG_INFORMATION_FORMAT = dwarf;
				ENABLE_STRICT_OBJC_MSGSEND = YES;
				ENABLE_TESTABILITY = YES;
				GCC_C_LANGUAGE_STANDARD = gnu11;
				GCC_DYNAMIC_NO_PIC = NO;
				GCC_NO_COMMON_BLOCKS = YES;
				GCC_OPTIMIZATION_LEVEL = 0;
				GCC_PREPROCESSOR_DEFINITIONS = (
					"DEBUG=1",
					"$(inherited)",
				);
				GCC_WARN_64_TO_32_BIT_CONVERSION = YES;
				GCC_WARN_ABOUT_RETURN_TYPE = YES_ERROR;
				GCC_WARN_UNDECLARED_SELECTOR = YES;
				GCC_WARN_UNINITIALIZED_AUTOS = YES_AGGRESSIVE;
				GCC_WARN_UNUSED_FUNCTION = YES;
				GCC_WARN_UNUSED_VARIABLE = YES;
				IPHONEOS_DEPLOYMENT_TARGET = 15.2;
				MTL_ENABLE_DEBUG_INFO = INCLUDE_SOURCE;
				MTL_FAST_MATH = YES;
				ONLY_ACTIVE_ARCH = YES;
				SDKROOT = iphoneos;
				SWIFT_ACTIVE_COMPILATION_CONDITIONS = DEBUG;
				SWIFT_OPTIMIZATION_LEVEL = "-Onone";
			};
			name = Debug;
		};
		18AC4AF727BF0FB20066C54D /* Release */ = {
			isa = XCBuildConfiguration;
			buildSettings = {
				ALWAYS_SEARCH_USER_PATHS = NO;
				CLANG_ANALYZER_NONNULL = YES;
				CLANG_ANALYZER_NUMBER_OBJECT_CONVERSION = YES_AGGRESSIVE;
				CLANG_CXX_LANGUAGE_STANDARD = "gnu++17";
				CLANG_CXX_LIBRARY = "libc++";
				CLANG_ENABLE_MODULES = YES;
				CLANG_ENABLE_OBJC_ARC = YES;
				CLANG_ENABLE_OBJC_WEAK = YES;
				CLANG_WARN_BLOCK_CAPTURE_AUTORELEASING = YES;
				CLANG_WARN_BOOL_CONVERSION = YES;
				CLANG_WARN_COMMA = YES;
				CLANG_WARN_CONSTANT_CONVERSION = YES;
				CLANG_WARN_DEPRECATED_OBJC_IMPLEMENTATIONS = YES;
				CLANG_WARN_DIRECT_OBJC_ISA_USAGE = YES_ERROR;
				CLANG_WARN_DOCUMENTATION_COMMENTS = YES;
				CLANG_WARN_EMPTY_BODY = YES;
				CLANG_WARN_ENUM_CONVERSION = YES;
				CLANG_WARN_INFINITE_RECURSION = YES;
				CLANG_WARN_INT_CONVERSION = YES;
				CLANG_WARN_NON_LITERAL_NULL_CONVERSION = YES;
				CLANG_WARN_OBJC_IMPLICIT_RETAIN_SELF = YES;
				CLANG_WARN_OBJC_LITERAL_CONVERSION = YES;
				CLANG_WARN_OBJC_ROOT_CLASS = YES_ERROR;
				CLANG_WARN_QUOTED_INCLUDE_IN_FRAMEWORK_HEADER = YES;
				CLANG_WARN_RANGE_LOOP_ANALYSIS = YES;
				CLANG_WARN_STRICT_PROTOTYPES = YES;
				CLANG_WARN_SUSPICIOUS_MOVE = YES;
				CLANG_WARN_UNGUARDED_AVAILABILITY = YES_AGGRESSIVE;
				CLANG_WARN_UNREACHABLE_CODE = YES;
				CLANG_WARN__DUPLICATE_METHOD_MATCH = YES;
				COPY_PHASE_STRIP = NO;
				DEBUG_INFORMATION_FORMAT = "dwarf-with-dsym";
				ENABLE_NS_ASSERTIONS = NO;
				ENABLE_STRICT_OBJC_MSGSEND = YES;
				GCC_C_LANGUAGE_STANDARD = gnu11;
				GCC_NO_COMMON_BLOCKS = YES;
				GCC_WARN_64_TO_32_BIT_CONVERSION = YES;
				GCC_WARN_ABOUT_RETURN_TYPE = YES_ERROR;
				GCC_WARN_UNDECLARED_SELECTOR = YES;
				GCC_WARN_UNINITIALIZED_AUTOS = YES_AGGRESSIVE;
				GCC_WARN_UNUSED_FUNCTION = YES;
				GCC_WARN_UNUSED_VARIABLE = YES;
				IPHONEOS_DEPLOYMENT_TARGET = 15.2;
				MTL_ENABLE_DEBUG_INFO = NO;
				MTL_FAST_MATH = YES;
				SDKROOT = iphoneos;
				SWIFT_COMPILATION_MODE = wholemodule;
				SWIFT_OPTIMIZATION_LEVEL = "-O";
				VALIDATE_PRODUCT = YES;
			};
			name = Release;
		};
		18AC4AF927BF0FB20066C54D /* Debug */ = {
			isa = XCBuildConfiguration;
			buildSettings = {
				ASSETCATALOG_COMPILER_APPICON_NAME = AppIcon;
				ASSETCATALOG_COMPILER_GLOBAL_ACCENT_COLOR_NAME = AccentColor;
				CODE_SIGN_STYLE = Automatic;
				CURRENT_PROJECT_VERSION = 1;
				DEVELOPMENT_ASSET_PATHS = "\"KittyList/Preview Content\"";
				DEVELOPMENT_TEAM = 2GPVEAAU5A;
				ENABLE_PREVIEWS = YES;
				GENERATE_INFOPLIST_FILE = YES;
				INFOPLIST_KEY_UIApplicationSceneManifest_Generation = YES;
				INFOPLIST_KEY_UIApplicationSupportsIndirectInputEvents = YES;
				INFOPLIST_KEY_UILaunchScreen_Generation = YES;
				INFOPLIST_KEY_UISupportedInterfaceOrientations_iPad = "UIInterfaceOrientationPortrait UIInterfaceOrientationPortraitUpsideDown UIInterfaceOrientationLandscapeLeft UIInterfaceOrientationLandscapeRight";
				INFOPLIST_KEY_UISupportedInterfaceOrientations_iPhone = "UIInterfaceOrientationPortrait UIInterfaceOrientationLandscapeLeft UIInterfaceOrientationLandscapeRight";
				LD_RUNPATH_SEARCH_PATHS = (
					"$(inherited)",
					"@executable_path/Frameworks",
				);
				MARKETING_VERSION = 1.0;
				PRODUCT_BUNDLE_IDENTIFIER = com.rafaeladolfo.KittyList;
				PRODUCT_NAME = "$(TARGET_NAME)";
				SWIFT_EMIT_LOC_STRINGS = YES;
				SWIFT_VERSION = 5.0;
				TARGETED_DEVICE_FAMILY = "1,2";
			};
			name = Debug;
		};
		18AC4AFA27BF0FB20066C54D /* Release */ = {
			isa = XCBuildConfiguration;
			buildSettings = {
				ASSETCATALOG_COMPILER_APPICON_NAME = AppIcon;
				ASSETCATALOG_COMPILER_GLOBAL_ACCENT_COLOR_NAME = AccentColor;
				CODE_SIGN_STYLE = Automatic;
				CURRENT_PROJECT_VERSION = 1;
				DEVELOPMENT_ASSET_PATHS = "\"KittyList/Preview Content\"";
				DEVELOPMENT_TEAM = 2GPVEAAU5A;
				ENABLE_PREVIEWS = YES;
				GENERATE_INFOPLIST_FILE = YES;
				INFOPLIST_KEY_UIApplicationSceneManifest_Generation = YES;
				INFOPLIST_KEY_UIApplicationSupportsIndirectInputEvents = YES;
				INFOPLIST_KEY_UILaunchScreen_Generation = YES;
				INFOPLIST_KEY_UISupportedInterfaceOrientations_iPad = "UIInterfaceOrientationPortrait UIInterfaceOrientationPortraitUpsideDown UIInterfaceOrientationLandscapeLeft UIInterfaceOrientationLandscapeRight";
				INFOPLIST_KEY_UISupportedInterfaceOrientations_iPhone = "UIInterfaceOrientationPortrait UIInterfaceOrientationLandscapeLeft UIInterfaceOrientationLandscapeRight";
				LD_RUNPATH_SEARCH_PATHS = (
					"$(inherited)",
					"@executable_path/Frameworks",
				);
				MARKETING_VERSION = 1.0;
				PRODUCT_BUNDLE_IDENTIFIER = com.rafaeladolfo.KittyList;
				PRODUCT_NAME = "$(TARGET_NAME)";
				SWIFT_EMIT_LOC_STRINGS = YES;
				SWIFT_VERSION = 5.0;
				TARGETED_DEVICE_FAMILY = "1,2";
			};
			name = Release;
		};
		18AC4AFC27BF0FB20066C54D /* Debug */ = {
			isa = XCBuildConfiguration;
			buildSettings = {
				ALWAYS_EMBED_SWIFT_STANDARD_LIBRARIES = YES;
				BUNDLE_LOADER = "$(TEST_HOST)";
				CODE_SIGN_STYLE = Automatic;
				CURRENT_PROJECT_VERSION = 1;
				DEVELOPMENT_TEAM = 2GPVEAAU5A;
				GENERATE_INFOPLIST_FILE = YES;
				IPHONEOS_DEPLOYMENT_TARGET = 15.2;
				MARKETING_VERSION = 1.0;
				PRODUCT_BUNDLE_IDENTIFIER = com.rafaeladolfo.KittyListTests;
				PRODUCT_NAME = "$(TARGET_NAME)";
				SWIFT_EMIT_LOC_STRINGS = NO;
				SWIFT_VERSION = 5.0;
				TARGETED_DEVICE_FAMILY = "1,2";
				TEST_HOST = "$(BUILT_PRODUCTS_DIR)/KittyList.app/KittyList";
			};
			name = Debug;
		};
		18AC4AFD27BF0FB20066C54D /* Release */ = {
			isa = XCBuildConfiguration;
			buildSettings = {
				ALWAYS_EMBED_SWIFT_STANDARD_LIBRARIES = YES;
				BUNDLE_LOADER = "$(TEST_HOST)";
				CODE_SIGN_STYLE = Automatic;
				CURRENT_PROJECT_VERSION = 1;
				DEVELOPMENT_TEAM = 2GPVEAAU5A;
				GENERATE_INFOPLIST_FILE = YES;
				IPHONEOS_DEPLOYMENT_TARGET = 15.2;
				MARKETING_VERSION = 1.0;
				PRODUCT_BUNDLE_IDENTIFIER = com.rafaeladolfo.KittyListTests;
				PRODUCT_NAME = "$(TARGET_NAME)";
				SWIFT_EMIT_LOC_STRINGS = NO;
				SWIFT_VERSION = 5.0;
				TARGETED_DEVICE_FAMILY = "1,2";
				TEST_HOST = "$(BUILT_PRODUCTS_DIR)/KittyList.app/KittyList";
			};
			name = Release;
		};
		18AC4AFF27BF0FB20066C54D /* Debug */ = {
			isa = XCBuildConfiguration;
			buildSettings = {
				ALWAYS_EMBED_SWIFT_STANDARD_LIBRARIES = YES;
				CODE_SIGN_STYLE = Automatic;
				CURRENT_PROJECT_VERSION = 1;
				DEVELOPMENT_TEAM = 2GPVEAAU5A;
				GENERATE_INFOPLIST_FILE = YES;
				MARKETING_VERSION = 1.0;
				PRODUCT_BUNDLE_IDENTIFIER = com.rafaeladolfo.KittyListUITests;
				PRODUCT_NAME = "$(TARGET_NAME)";
				SWIFT_EMIT_LOC_STRINGS = NO;
				SWIFT_VERSION = 5.0;
				TARGETED_DEVICE_FAMILY = "1,2";
				TEST_TARGET_NAME = KittyList;
			};
			name = Debug;
		};
		18AC4B0027BF0FB20066C54D /* Release */ = {
			isa = XCBuildConfiguration;
			buildSettings = {
				ALWAYS_EMBED_SWIFT_STANDARD_LIBRARIES = YES;
				CODE_SIGN_STYLE = Automatic;
				CURRENT_PROJECT_VERSION = 1;
				DEVELOPMENT_TEAM = 2GPVEAAU5A;
				GENERATE_INFOPLIST_FILE = YES;
				MARKETING_VERSION = 1.0;
				PRODUCT_BUNDLE_IDENTIFIER = com.rafaeladolfo.KittyListUITests;
				PRODUCT_NAME = "$(TARGET_NAME)";
				SWIFT_EMIT_LOC_STRINGS = NO;
				SWIFT_VERSION = 5.0;
				TARGETED_DEVICE_FAMILY = "1,2";
				TEST_TARGET_NAME = KittyList;
			};
			name = Release;
		};
/* End XCBuildConfiguration section */

/* Begin XCConfigurationList section */
		18AC4ACF27BF0FB00066C54D /* Build configuration list for PBXProject "KittyList" */ = {
			isa = XCConfigurationList;
			buildConfigurations = (
				18AC4AF627BF0FB20066C54D /* Debug */,
				18AC4AF727BF0FB20066C54D /* Release */,
			);
			defaultConfigurationIsVisible = 0;
			defaultConfigurationName = Release;
		};
		18AC4AF827BF0FB20066C54D /* Build configuration list for PBXNativeTarget "KittyList" */ = {
			isa = XCConfigurationList;
			buildConfigurations = (
				18AC4AF927BF0FB20066C54D /* Debug */,
				18AC4AFA27BF0FB20066C54D /* Release */,
			);
			defaultConfigurationIsVisible = 0;
			defaultConfigurationName = Release;
		};
		18AC4AFB27BF0FB20066C54D /* Build configuration list for PBXNativeTarget "KittyListTests" */ = {
			isa = XCConfigurationList;
			buildConfigurations = (
				18AC4AFC27BF0FB20066C54D /* Debug */,
				18AC4AFD27BF0FB20066C54D /* Release */,
			);
			defaultConfigurationIsVisible = 0;
			defaultConfigurationName = Release;
		};
		18AC4AFE27BF0FB20066C54D /* Build configuration list for PBXNativeTarget "KittyListUITests" */ = {
			isa = XCConfigurationList;
			buildConfigurations = (
				18AC4AFF27BF0FB20066C54D /* Debug */,
				18AC4B0027BF0FB20066C54D /* Release */,
			);
			defaultConfigurationIsVisible = 0;
			defaultConfigurationName = Release;
		};
/* End XCConfigurationList section */

/* Begin XCRemoteSwiftPackageReference section */
		18AC4B0B27BF13870066C54D /* XCRemoteSwiftPackageReference "Kingfisher" */ = {
			isa = XCRemoteSwiftPackageReference;
			repositoryURL = "https://github.com/onevcat/Kingfisher.git";
			requirement = {
				branch = master;
				kind = branch;
			};
		};
/* End XCRemoteSwiftPackageReference section */

/* Begin XCSwiftPackageProductDependency section */
		18AC4B0C27BF13870066C54D /* Kingfisher */ = {
			isa = XCSwiftPackageProductDependency;
			package = 18AC4B0B27BF13870066C54D /* XCRemoteSwiftPackageReference "Kingfisher" */;
			productName = Kingfisher;
		};
		18AC4B1627BF1A8D0066C54D /* CatAPIPackage */ = {
			isa = XCSwiftPackageProductDependency;
			productName = CatAPIPackage;
		};
/* End XCSwiftPackageProductDependency section */
	};
	rootObject = 18AC4ACC27BF0FB00066C54D /* Project object */;
}
